
Microsoft Visual Studio Solution File, Format Version 12.00
# Visual Studio 2012
Project("{8BC9CEB8-8B4A-11D0-8D11-00A0C91BC942}") = "Last Prototype", "Last Prototype\Last Prototype.vcxproj", "{F3C8D2DB-CCAB-437A-850E-45FAADBE1012}"
EndProject
Project("{2150E333-8FDC-42A3-9474-1A3956D46DE8}") = "Solution Items", "Solution Items", "{618EA1D6-9A57-45D5-88AF-4D09F5633A1E}"
	ProjectSection(SolutionItems) = preProject
		Performance1.psess = Performance1.psess
	EndProjectSection
EndProject
Global
	GlobalSection(SolutionConfigurationPlatforms) = preSolution
		Debug|Win32 = Debug|Win32
		Release|Win32 = Release|Win32
	EndGlobalSection
	GlobalSection(ProjectConfigurationPlatforms) = postSolution
		{F3C8D2DB-CCAB-437A-850E-45FAADBE1012}.Debug|Win32.ActiveCfg = Debug|Win32
		{F3C8D2DB-CCAB-437A-850E-45FAADBE1012}.Debug|Win32.Build.0 = Debug|Win32
		{F3C8D2DB-CCAB-437A-850E-45FAADBE1012}.Release|Win32.ActiveCfg = Release|Win32
		{F3C8D2DB-CCAB-437A-850E-45FAADBE1012}.Release|Win32.Build.0 = Release|Win32
	EndGlobalSection
	GlobalSection(SolutionProperties) = preSolution
		HideSolutionNode = FALSE
	EndGlobalSection
	GlobalSection(Performance) = preSolution
		HasPerformanceSessions = true
	EndGlobalSection
EndGlobal
