<?xml version="1.0" encoding="utf-8"?>
<Project ToolsVersion="4.0" xmlns="http://schemas.microsoft.com/developer/msbuild/2003">
  <ItemGroup>
    <Filter Include="Files">
      <UniqueIdentifier>{93995380-89BD-4b04-88EB-625FBE52EBFB}</UniqueIdentifier>
      <Extensions>h;hpp;hxx;hm;inl;inc;xsd</Extensions>
    </Filter>
    <Filter Include="Files\Animation">
      <UniqueIdentifier>{df19eec2-841e-4c8d-ad7e-408a7ea81b3f}</UniqueIdentifier>
    </Filter>
    <Filter Include="Files\Animation\Base">
      <UniqueIdentifier>{52475443-4f56-44c9-b5b2-cfa2dbd44247}</UniqueIdentifier>
    </Filter>
    <Filter Include="Files\Animation\Implementation">
      <UniqueIdentifier>{a7da89cd-ff5e-4ce8-b50e-b8e5826bce78}</UniqueIdentifier>
    </Filter>
    <Filter Include="Files\Animation\Tools">
      <UniqueIdentifier>{34835234-ac3f-43a7-bbf6-58c5c316c29d}</UniqueIdentifier>
    </Filter>
    <Filter Include="Files\General">
      <UniqueIdentifier>{138c16bc-4408-464e-ad30-d6fce859073e}</UniqueIdentifier>
    </Filter>
    <Filter Include="Files\World Generation">
      <UniqueIdentifier>{a24591b9-795a-4b27-b4a0-d0f4012bce10}</UniqueIdentifier>
    </Filter>
    <Filter Include="Files\SDL Wrappers and Tools">
      <UniqueIdentifier>{82d412a0-08bf-4330-8096-e92f72e917ad}</UniqueIdentifier>
    </Filter>
    <Filter Include="Files\UI">
      <UniqueIdentifier>{3a85f4b8-02ef-4fef-8fb7-5d47ae1a465f}</UniqueIdentifier>
    </Filter>
    <Filter Include="Files\Game States">
      <UniqueIdentifier>{d9efb869-a25d-4eaf-bd58-c01db5cdbea6}</UniqueIdentifier>
    </Filter>
    <Filter Include="Files\Menus">
      <UniqueIdentifier>{0dbbdbf6-bbfc-4c72-a691-3f70f0ec8c0d}</UniqueIdentifier>
    </Filter>
    <Filter Include="Files\Menus\Menu Screens">
      <UniqueIdentifier>{820f1749-c2f7-48a0-b760-f3b1756a66ac}</UniqueIdentifier>
    </Filter>
    <Filter Include="Files\Game States\Implementations">
      <UniqueIdentifier>{655d4fe8-284f-409f-a35d-7bb2d2b24795}</UniqueIdentifier>
    </Filter>
    <Filter Include="Files\Entities">
      <UniqueIdentifier>{b34bb1e5-d739-4864-bf9a-355d9ad41d9e}</UniqueIdentifier>
    </Filter>
    <Filter Include="Files\Entities\Base">
      <UniqueIdentifier>{90670a04-4b27-47bd-a468-cdae28c32128}</UniqueIdentifier>
    </Filter>
    <Filter Include="Files\Entities\Container">
      <UniqueIdentifier>{e661bff1-d4e6-4b9a-aaf0-9f205c06bade}</UniqueIdentifier>
    </Filter>
    <Filter Include="Files\Entities\Containers">
      <UniqueIdentifier>{63e2742e-54c5-4577-8b9a-16714fdc5f94}</UniqueIdentifier>
    </Filter>
    <Filter Include="Files\Entities\Implementations">
      <UniqueIdentifier>{d4c3fdef-096c-4914-8335-3da99f13f207}</UniqueIdentifier>
    </Filter>
    <Filter Include="Files\Entities\Tools">
      <UniqueIdentifier>{fbdab319-a298-4b4c-b506-1b00cce67813}</UniqueIdentifier>
    </Filter>
    <Filter Include="Files\Loading">
      <UniqueIdentifier>{aff3b8ec-c235-4a1a-ab29-92917cbd8061}</UniqueIdentifier>
    </Filter>
  </ItemGroup>
  <ItemGroup>
    <ClCompile Include="AnimationIterator.cpp">
      <Filter>Files\Animation\Tools</Filter>
    </ClCompile>
    <ClCompile Include="AnimationModule.cpp">
      <Filter>Files\Animation\Base</Filter>
    </ClCompile>
    <ClCompile Include="DoorAnimation.cpp">
      <Filter>Files\Animation\Implementation</Filter>
    </ClCompile>
    <ClCompile Include="Main.cpp">
      <Filter>Files\General</Filter>
    </ClCompile>
    <ClCompile Include="Resources.cpp">
      <Filter>Files\General</Filter>
    </ClCompile>
    <ClCompile Include="Timer.cpp">
      <Filter>Files\General</Filter>
    </ClCompile>
    <ClCompile Include="ToolKit.cpp">
      <Filter>Files\General</Filter>
    </ClCompile>
    <ClCompile Include="House.cpp">
      <Filter>Files\World Generation</Filter>
    </ClCompile>
    <ClCompile Include="HouseGenerator.cpp">
      <Filter>Files\World Generation</Filter>
    </ClCompile>
    <ClCompile Include="Room.cpp">
      <Filter>Files\World Generation</Filter>
    </ClCompile>
    <ClCompile Include="ShapeBuilder.cpp">
      <Filter>Files\World Generation</Filter>
    </ClCompile>
    <ClCompile Include="WorldBuilder.cpp">
      <Filter>Files\World Generation</Filter>
    </ClCompile>
    <ClCompile Include="Entity.cpp">
      <Filter>Files\Entities\Base</Filter>
    </ClCompile>
    <ClCompile Include="EntityContainer.cpp">
      <Filter>Files\Entities\Container</Filter>
    </ClCompile>
    <ClCompile Include="Camera.cpp">
      <Filter>Files\Entities\Containers</Filter>
    </ClCompile>
    <ClCompile Include="Environment.cpp">
      <Filter>Files\Entities\Containers</Filter>
    </ClCompile>
    <ClCompile Include="EnvironmentLayer.cpp">
      <Filter>Files\Entities\Containers</Filter>
    </ClCompile>
    <ClCompile Include="Door.cpp">
      <Filter>Files\Entities\Implementations</Filter>
    </ClCompile>
    <ClCompile Include="Player.cpp">
      <Filter>Files\Entities\Implementations</Filter>
    </ClCompile>
    <ClCompile Include="Tiles.cpp">
      <Filter>Files\Entities\Implementations</Filter>
    </ClCompile>
    <ClCompile Include="Traveller.cpp">
      <Filter>Files\Entities\Implementations</Filter>
    </ClCompile>
    <ClCompile Include="EntityFormat.cpp">
      <Filter>Files\Entities\Tools</Filter>
    </ClCompile>
    <ClCompile Include="SDLTools.cpp">
      <Filter>Files\SDL Wrappers and Tools</Filter>
    </ClCompile>
    <ClCompile Include="Renderer_Wrapper.cpp">
      <Filter>Files\SDL Wrappers and Tools</Filter>
    </ClCompile>
    <ClCompile Include="Texture_Wrapper.cpp">
      <Filter>Files\SDL Wrappers and Tools</Filter>
    </ClCompile>
    <ClCompile Include="Window_Wrapper.cpp">
      <Filter>Files\SDL Wrappers and Tools</Filter>
    </ClCompile>
    <ClCompile Include="UI_Status.cpp">
      <Filter>Files\UI</Filter>
    </ClCompile>
    <ClCompile Include="Status.cpp">
      <Filter>Files\UI</Filter>
    </ClCompile>
    <ClCompile Include="HUD_Layer.cpp">
      <Filter>Files\UI</Filter>
    </ClCompile>
    <ClCompile Include="NPC.cpp">
      <Filter>Files\Entities\Implementations</Filter>
    </ClCompile>
    <ClCompile Include="GameState.cpp">
      <Filter>Files\Game States</Filter>
    </ClCompile>
    <ClCompile Include="GameStateManager.cpp">
      <Filter>Files\Game States</Filter>
    </ClCompile>
    <ClCompile Include="Menu.cpp">
      <Filter>Files\Menus</Filter>
    </ClCompile>
    <ClCompile Include="MenuItem.cpp">
      <Filter>Files\Menus</Filter>
    </ClCompile>
    <ClCompile Include="MenuManager.cpp">
      <Filter>Files\Menus</Filter>
    </ClCompile>
    <ClCompile Include="PauseScreen.cpp">
      <Filter>Files\Menus\Menu Screens</Filter>
    </ClCompile>
    <ClCompile Include="Game.cpp">
      <Filter>Files\Game States\Implementations</Filter>
    </ClCompile>
    <ClCompile Include="Button.cpp">
      <Filter>Files\Entities\Implementations</Filter>
    </ClCompile>
    <ClCompile Include="EventHandler.cpp">
      <Filter>Files\General</Filter>
    </ClCompile>
    <ClCompile Include="TitleMenuScreen.cpp">
      <Filter>Files\Menus\Menu Screens</Filter>
    </ClCompile>
    <ClCompile Include="MenuScreen.cpp">
      <Filter>Files\Menus\Menu Screens</Filter>
    </ClCompile>
    <ClCompile Include="TitleScreenState.cpp">
      <Filter>Files\Game States\Implementations</Filter>
    </ClCompile>
    <ClCompile Include="LoadingOutput.cpp">
      <Filter>Files\Loading</Filter>
    </ClCompile>
    <ClCompile Include="LoadingScreen.cpp">
      <Filter>Files\Loading</Filter>
    </ClCompile>
    <ClCompile Include="SpeechBubble.cpp">
      <Filter>Files\Entities\Implementations</Filter>
    </ClCompile>
    <ClCompile Include="KeyTools.cpp">
      <Filter>Files\General</Filter>
    </ClCompile>
    <ClCompile Include="SoundSource.cpp">
      <Filter>Files\Entities\Containers</Filter>
    </ClCompile>
    <ClCompile Include="Text.cpp">
      <Filter>Files\Entities\Implementations</Filter>
    </ClCompile>
  </ItemGroup>
  <ItemGroup>
    <ClInclude Include="Config.h">
      <Filter>Files\General</Filter>
    </ClInclude>
    <ClInclude Include="Resources.h">
      <Filter>Files\General</Filter>
    </ClInclude>
    <ClInclude Include="Timer.h">
      <Filter>Files\General</Filter>
    </ClInclude>
    <ClInclude Include="Tools.h">
      <Filter>Files\General</Filter>
    </ClInclude>
    <ClInclude Include="House.h">
      <Filter>Files\World Generation</Filter>
    </ClInclude>
    <ClInclude Include="HouseGenerator.h">
      <Filter>Files\World Generation</Filter>
    </ClInclude>
    <ClInclude Include="Room.h">
      <Filter>Files\World Generation</Filter>
    </ClInclude>
    <ClInclude Include="ShapeBuilder.h">
      <Filter>Files\World Generation</Filter>
    </ClInclude>
    <ClInclude Include="WorldBuilder.h">
      <Filter>Files\World Generation</Filter>
    </ClInclude>
    <ClInclude Include="ConfigTiles.h">
      <Filter>Files\General</Filter>
    </ClInclude>
    <ClInclude Include="Entity.h">
      <Filter>Files\Entities\Base</Filter>
    </ClInclude>
    <ClInclude Include="EntityContainer.h">
      <Filter>Files\Entities\Container</Filter>
    </ClInclude>
    <ClInclude Include="Camera.h">
      <Filter>Files\Entities\Containers</Filter>
    </ClInclude>
    <ClInclude Include="Environment.h">
      <Filter>Files\Entities\Containers</Filter>
    </ClInclude>
    <ClInclude Include="EnvironmentLayer.h">
      <Filter>Files\Entities\Containers</Filter>
    </ClInclude>
    <ClInclude Include="Door.h">
      <Filter>Files\Entities\Implementations</Filter>
    </ClInclude>
    <ClInclude Include="Player.h">
      <Filter>Files\Entities\Implementations</Filter>
    </ClInclude>
    <ClInclude Include="Tiles.h">
      <Filter>Files\Entities\Implementations</Filter>
    </ClInclude>
    <ClInclude Include="Traveller.h">
      <Filter>Files\Entities\Implementations</Filter>
    </ClInclude>
    <ClInclude Include="EntityFormat.h">
      <Filter>Files\Entities\Tools</Filter>
    </ClInclude>
    <ClInclude Include="ModuleMisuseException.h">
      <Filter>Files\Entities\Tools</Filter>
    </ClInclude>
    <ClInclude Include="AnimationIterator.h">
      <Filter>Files\Animation\Tools</Filter>
    </ClInclude>
    <ClInclude Include="AnimationIteratorException.h">
      <Filter>Files\Animation\Tools</Filter>
    </ClInclude>
    <ClInclude Include="AnimationModule.h">
      <Filter>Files\Animation\Base</Filter>
    </ClInclude>
    <ClInclude Include="TravellerAnimation.h">
      <Filter>Files\Animation\Implementation</Filter>
    </ClInclude>
    <ClInclude Include="DoorAnimation.h">
      <Filter>Files\Animation\Implementation</Filter>
    </ClInclude>
    <ClInclude Include="ToolKit.h">
      <Filter>Files\General</Filter>
    </ClInclude>
    <ClInclude Include="Renderer_Wrapper.h">
      <Filter>Files\SDL Wrappers and Tools</Filter>
    </ClInclude>
    <ClInclude Include="SDLTools.h">
      <Filter>Files\SDL Wrappers and Tools</Filter>
    </ClInclude>
    <ClInclude Include="Texture_Wrapper.h">
      <Filter>Files\SDL Wrappers and Tools</Filter>
    </ClInclude>
    <ClInclude Include="Window_Wrapper.h">
      <Filter>Files\SDL Wrappers and Tools</Filter>
    </ClInclude>
    <ClInclude Include="HUD_Layer.h">
      <Filter>Files\UI</Filter>
    </ClInclude>
    <ClInclude Include="UI_Status.h">
      <Filter>Files\UI</Filter>
    </ClInclude>
    <ClInclude Include="Status.h">
      <Filter>Files\UI</Filter>
    </ClInclude>
    <ClInclude Include="NPC.h">
      <Filter>Files\Entities\Implementations</Filter>
    </ClInclude>
    <ClInclude Include="GameStateManager.h">
      <Filter>Files\Game States</Filter>
    </ClInclude>
    <ClInclude Include="GameState.h">
      <Filter>Files\Game States</Filter>
    </ClInclude>
    <ClInclude Include="Menu.h">
      <Filter>Files\Menus</Filter>
    </ClInclude>
    <ClInclude Include="MenuItem.h">
      <Filter>Files\Menus</Filter>
    </ClInclude>
    <ClInclude Include="MenuManager.h">
      <Filter>Files\Menus</Filter>
    </ClInclude>
    <ClInclude Include="PauseScreen.h">
      <Filter>Files\Menus\Menu Screens</Filter>
    </ClInclude>
    <ClInclude Include="MenuScreen.h">
      <Filter>Files\Menus\Menu Screens</Filter>
    </ClInclude>
    <ClInclude Include="Game.h">
      <Filter>Files\Game States\Implementations</Filter>
    </ClInclude>
    <ClInclude Include="Button.h">
      <Filter>Files\Entities\Implementations</Filter>
    </ClInclude>
    <ClInclude Include="EventHandler.h">
      <Filter>Files\General</Filter>
    </ClInclude>
    <ClInclude Include="TitleMenuScreen.h">
      <Filter>Files\Menus\Menu Screens</Filter>
    </ClInclude>
    <ClInclude Include="TitleScreenState.h">
      <Filter>Files\Game States\Implementations</Filter>
    </ClInclude>
    <ClInclude Include="LoadingOutput.h">
      <Filter>Files\Loading</Filter>
    </ClInclude>
    <ClInclude Include="LoadingScreen.h">
      <Filter>Files\Loading</Filter>
    </ClInclude>
    <ClInclude Include="Hints.h">
      <Filter>Files\General</Filter>
    </ClInclude>
    <ClInclude Include="SpeechBubble.h">
      <Filter>Files\Entities\Implementations</Filter>
    </ClInclude>
    <ClInclude Include="KeyTools.h">
      <Filter>Files\General</Filter>
    </ClInclude>
    <ClInclude Include="SoundSource.h">
      <Filter>Files\Entities\Containers</Filter>
    </ClInclude>
    <ClInclude Include="Text.h">
      <Filter>Files\Entities\Implementations</Filter>
    </ClInclude>
  </ItemGroup>
</Project>